
Microsoft Visual Studio Solution File, Format Version 12.00
# Visual Studio Version 16
VisualStudioVersion = 16.0.31515.178
MinimumVisualStudioVersion = 10.0.40219.1
Project("{FAE04EC0-301F-11D3-BF4B-00C04F79EFBC}") = "personal inforamtion system new", "personal inforamtion system new.csproj", "{DE2306E2-3012-444D-A103-D5E233A7B071}"
EndProject
Global
	GlobalSection(SolutionConfigurationPlatforms) = preSolution
		Debug|Any CPU = Debug|Any CPU
		Release|Any CPU = Release|Any CPU
	EndGlobalSection
	GlobalSection(ProjectConfigurationPlatforms) = postSolution
		{DE2306E2-3012-444D-A103-D5E233A7B071}.Debug|Any CPU.ActiveCfg = Debug|Any CPU
		{DE2306E2-3012-444D-A103-D5E233A7B071}.Debug|Any CPU.Build.0 = Debug|Any CPU
		{DE2306E2-3012-444D-A103-D5E233A7B071}.Release|Any CPU.ActiveCfg = Release|Any CPU
		{DE2306E2-3012-444D-A103-D5E233A7B071}.Release|Any CPU.Build.0 = Release|Any CPU
	EndGlobalSection
	GlobalSection(SolutionProperties) = preSolution
		HideSolutionNode = FALSE
	EndGlobalSection
	GlobalSection(ExtensibilityGlobals) = postSolution
		SolutionGuid = {8445DD1B-A7A1-4948-8094-B568BFCE6DE3}
	EndGlobalSection
EndGlobal
